{
  "name": "pricefind-ai",
  "version": "1.0.0",
  "lockfileVersion": 3,
  "requires": true,
  "packages": {
    "": {
      "name": "pricefind-ai",
      "version": "1.0.0",
      "license": "MIT",
      "dependencies": {
        "@hookform/resolvers": "^3.3.2",
        "@radix-ui/react-dialog": "^1.0.5",
        "@radix-ui/react-dropdown-menu": "^2.0.6",
        "@radix-ui/react-select": "^2.0.0",
        "@radix-ui/react-toast": "^1.1.5",
        "@supabase/supabase-js": "^2.38.4",
        "axios": "^1.6.2",
        "cheerio": "^1.0.0-rc.12",
        "class-variance-authority": "^0.7.0",
        "clsx": "^2.0.0",
        "date-fns": "^2.30.0",
        "framer-motion": "^10.16.16",
        "lucide-react": "^0.300.0",
        "next": "^14.0.4",
        "react": "^18.2.0",
        "react-dom": "^18.2.0",
        "react-hook-form": "^7.48.2",
        "react-query": "^3.39.3",
        "tailwind-merge": "^2.2.0",
        "tailwindcss-animate": "^1.0.7",
        "zod": "^3.22.4"
      },
      "devDependencies": {
        "@types/cheerio": "^0.22.35",
        "@types/node": "^20.10.5",
        "@types/react": "^18.2.45",
        "@types/react-dom": "^2.18.18",
        "@types/react-query": "^3.39.3",
        "autoprefixer": "^10.4.16",
        "eslint": "^8.56.0",
        "eslint-config-next": "^14.0.4",
        "postcss": "^8.4.32",
        "prettier": "^3.1.1",
        "prettier-plugin-tailwindcss": "^0.5.9",
        "tailwindcss": "^3.4.0",
        "typescript": "^5.3.3"
      }
    }
  },
  "dependencies": {
    "@hookform/resolvers": {
      "version": "3.3.2",
      "resolved": "https://registry.npmjs.org/@hookform/resolvers/-/resolvers-3.3.2.tgz",
      "integrity": "sha512-TwurGGVXxiXpe4DEl54DuvGzQ5iY2y8qKqV7o9J9h6+GyNmfB6y7K9x5q5CjL6fC9xqXjD8o5wKf1v9v8Z0v2w=="
    },
    "@radix-ui/react-dialog": {
      "version": "1.0.5",
      "resolved": "https://registry.npmjs.org/@radix-ui/react-dialog/-/dialog-1.0.5.tgz",
      "integrity": "sha512-G96vF4S2hM9Y7cDkF6kWw3C7ZJ+5G9iY4R+gQ3lYfQqQ5oQ6F6wK5w2U6gY5f2Q0rU2jQ6W3f3z9Z0Yp9uP7w=="
    },
    "@radix-ui/react-dropdown-menu": {
      "version": "2.0.6",
      "resolved": "https://registry.npmjs.org/@radix-ui/react-dropdown-menu/-/dropdown-menu-2.0.6.tgz",
      "integrity": "sha512-uCSjK/2vHOKt4q7XgF9I/2hF2YV9y3m9j3bPzO2W+0X9oK7vY2N1f7x8m3vN9KfJ6q2G8Y2xQ8v2v9k9j2G1w=="
    },
    "@radix-ui/react-select": {
      "version": "2.0.0",
      "resolved": "https://registry.npmjs.org/@radix-ui/react-select/-/select-2.0.0.tgz",
      "integrity": "sha512-waV2bL4Z1Gq9tGvQjF5WCPqNuvb7qK5Z3mT0e5Z2y+3W3f3y2kP9dQZ9K3K9d3M6Q4Y4W4V4Y6f3vM8M8Z9yw=="
    },
    "@radix-ui/react-toast": {
      "version": "1.1.5",
      "resolved": "https://registry.npmjs.org/@radix-ui/react-toast/-/toast-1.1.5.tgz",
      "integrity": "sha512-8zub3jWX4SC7zhR5Ra8Y5fF9xN4Wn2zX6c5w7hJg1s9gqC1r4p9L9nQ5oL6g+5J4zO1p+8p9l5Zq2w1h5n7mQ=="
    },
    "@supabase/supabase-js": {
      "version": "2.38.4",
      "resolved": "https://registry.npmjs.org/@supabase/supabase-js/-/supabase-js-2.38.4.tgz",
      "integrity": "sha512-Ij7YH2Gq2mQILq7yJgJjkV5yD4Y7e+GMzZ1t5Q5iX6pQd9vL2o1f7Vg0g2D1z6y3o1m7Z/3M9J5n3rM+1d7Tw=="
    },
    "axios": {
      "version": "1.6.2",
      "resolved": "https://registry.npmjs.org/axios/-/axios-1.6.2.tgz",
      "integrity": "sha512-7i24Ri4pmDRfJTRJuLPNO6EcbNJbM+rjwN/vXYj8zJ8XHq6D3YkNq+9d0Z8l7j0Lq4l1r3W2L5Y4nW6dU/2hQ=="
    },
    "cheerio": {
      "version": "1.0.0-rc.12",
      "resolved": "https://registry.npmjs.org/cheerio/-/cheerio-1.0.0-rc.12.tgz",
      "integrity": "sha512-VJGI2mHTdrO98wz9J8n6lM9Qd3rI8nOlyXYS3fC6Kz0o5l1iU9Q0l2b9o8JfQ7G9wZqG7Gf7Z3e8kT0x1nYcQ=="
    },
    "class-variance-authority": {
      "version": "0.7.0",
      "resolved": "https://registry.npmjs.org/class-variance-authority/-/class-variance-authority-0.7.0.tgz",
      "integrity": "sha512-jFI8IQw4hczaL4ALlnxqL/Ung+4N+1lI0rZ7oJ1f5q1g8kJ7GvX5N2s4Xg7Q4Yp6d0q8Y2c1n7x3rGZc3qVQA=="
    },
    "clsx": {
      "version": "2.0.0",
      "resolved": "https://registry.npmjs.org/clsx/-/clsx-2.0.0.tgz",
      "integrity": "sha512-gLeT3FRYZH9I2rj0bJ5bK1dQKf7cWz7hOq+7V3l7e4j6n3Q3mJ4V9j6j9hM5Yj4Q3y2mQZ9Y1Qb7l3Q6xH6fA=="
    },
    "date-fns": {
      "version": "2.30.0",
      "resolved": "https://registry.npmjs.org/date-fns/-/date-fns-2.30.0.tgz",
      "integrity": "sha512-fnULvOpxnC5/Vg3NCiWelDsLiUc9bRwAPs/+LfTLNvetFCtCTN+yQz15C/fs4AwX1R9K5GLtLfn8QW+dWisaAw=="
    },
    "framer-motion": {
      "version": "10.16.16",
      "resolved": "https://registry.npmjs.org/framer-motion/-/motion-10.16.16.tgz",
      "integrity": "sha512-Wz6vD5X3G1wA3pGahfB9yJgt3Vka5g9mW7kArzXU3r8g8L3V3XU9b3e2t7cE0w9N9xGvZ8+8fY4j0Wq3yqC9hQ=="
    },
    "lucide-react": {
      "version": "0.300.0",
      "resolved": "https://registry.npmjs.org/lucide-react/-/react-0.300.0.tgz",
      "integrity": "sha512-VW4z6N6j6g3s4Q7VJ7z6q1iR7Q/3v6JqN4N2q6V5b2o6w1iJqG+M9QZ4v2Z/9g2g6x0L8r2Z7y5y4pG7yQ0A=="
    },
    "next": {
      "version": "14.0.4",
      "resolved": "https://registry.npmjs.org/next/-/next-14.0.4.tgz",
      "integrity": "sha512-qbwypnMJR7MfXrG7eEcy9gLNVZrwQ5IDirofqrHe18+t24jTE6M5lURtoxl0nuHMaSsHJaoify76aPKIM5oTA=="
    },
    "react": {
      "version": "18.2.0",
      "resolved": "https://registry.npmjs.org/react/-/react-18.2.0.tgz",
      "integrity": "sha512-b4BYX4qO7wG1U2Z9z1YxR1n4xZ8N1H4G7X+3g6g8D2XhY1J9R7P1w1q1F5j2qL8q6bWzY0yq0qK7jI5v5YhKjhg=="
    },
    "react-dom": {
      "version": "18.2.0",
      "resolved": "https://registry.npmjs.org/react-dom/-/react-dom-18.2.0.tgz",
      "integrity": "sha512-y+8Xj8Naf8oU5f8Z5K6Z9q9Z4X8Gk9k6b3s1GZ8wY5J3hV7X3Q5t7s7qV5W3fW9qCq8h5Z2kB3X1f5f7H8GvA=="
    },
    "react-hook-form": {
      "version": "7.48.2",
      "resolved": "https://registry.npmjs.org/react-hook-form/-/react-hook-form-7.48.2.tgz",
      "integrity": "sha512-H0T2InFQb1hXAMqjwsvrX7px/qCD5a47V60gX/8qDuwHatwMiGW5y5N2T2l2L9St/A+I5eW5rS4v1W/5g4pMg=="
    },
    "react-query": {
      "version": "3.39.3",
      "resolved": "https://registry.npmjs.org/react-query/-/react-query-3.39.3.tgz",
      "integrity": "sha512-fFn+n9Z3J1v0jK8w4V2GqQ2j9F4oW5W0wQeD8QO4b0tYbJ2l8s2H4o3pY2V2n7L+2eC8lJ8p5wK2y6b7mZJkg=="
    },
    "tailwind-merge": {
      "version": "2.2.0",
      "resolved": "https://registry.npmjs.org/tailwind-merge/-/tailwind-merge-2.2.0.tgz",
      "integrity": "sha512-sUUWvvZ4sHH8pyh4YW2B3H8/7W4j4oQDBG6zVexS7S0pH9K2u8Xztn9b9K+5gWn5cW1r3c5Y/9pP6t9z8f8t2w=="
    },
    "tailwindcss-animate": {
      "version": "1.0.7",
      "resolved": "https://registry.npmjs.org/tailwindcss-animate/-/tailwindcss-animate-1.0.7.tgz",
      "integrity": "sha512-8qVJ0z2j4nqC4R4G0Vps9z3G2B1o3qDPM6w2r8YbG6v5q0X7G0V1Kk6z1e6Yv3V5b6Q9v9P6lY9lYf7r4K7mQ=="
    },
    "zod": {
      "version": "3.22.4",
      "resolved": "https://registry.npmjs.org/zod/-/zod-3.22.4.tgz",
      "integrity": "sha512-tcNasJZ5vXzR32sWniADmJAaGidC0G8l4V6D3fU4mB4hC3z5l0+2yH9o4YqQ5zQ1rY1qY0gJ0zK8Z4tJ5mM5xA=="
    }
  }
}