{
  "name": "pricefind-ai",
  "version": "1.0.0",
  "lockfileVersion": 3,
  "requires": true,
  "packages": {
    "": {
      "name": "pricefind-ai",
      "version": "1.0.0",
      "license": "MIT",
      "dependencies": {
        "@hookform/resolvers": "^3.3.2",
        "@radix-ui/react-dialog": "^1.0.5",
        "@radix-ui/react-dropdown-menu": "^2.0.6",
        "@radix-ui/react-select": "^2.0.0",
        "@radix-ui/react-toast": "^1.1.5",
        "@supabase/supabase-js": "^2.38.4",
        "axios": "^1.6.2",
        "cheerio": "^1.0.0-rc.10",
        "class-variance-authority": "^0.7.0",
        "clsx": "^2.0.0",
        "date-fns": "^2.30.0",
        "framer-motion": "^10.16.16",
        "lucide-react": "^0.300.0",
        "next": "^14.0.4",
        "react": "^18.2.0",
        "react-dom": "^18.2.0",
        "react-hook-form": "^7.48.2",
        "react-query": "^3.39.3",
        "tailwind-merge": "^2.2.0",
        "tailwindcss-animate": "^1.0.7",
        "zod": "^3.22.4"
      },
      "devDependencies": {
        "@types/cheerio": "^0.22.35",
        "@types/node": "^20.10.5",
        "@types/react": "^18.2.45",
        "@types/react-dom": "^18.2.18",
        "@types/react-query": "^3.39.3",
        "autoprefixer": "^10.4.16",
        "eslint": "^8.56.0",
        "eslint-config-next": "^14.0.4",
        "postcss": "^8.4.32",
        "prettier": "^3.1.1",
        "prettier-plugin-tailwindcss": "^0.5.9",
        "tailwindcss": "^3.4.0",
        "typescript": "^5.3.3"
      }
    },
    "node_modules/@hookform/resolvers": {
      "version": "3.3.2",
      "resolved": "https://registry.npmjs.org/@hookform/resolvers/-/resolvers-3.3.2.tgz",
      "integrity": "sha512-Tw1G3KmmQEPK7Dk7hN5H5fUglC5zV2b6D5y3t5d7c3l6Y5fW8oA0G2l9jR4zDk5Gf6q9Jb4K2QqU8X5hDCPoWw=="
    },
    "node_modules/@radix-ui/react-dialog": {
      "version": "1.0.5",
      "resolved": "https://registry.npmjs.org/@radix-ui/react-dialog/-/dialog-1.0.5.tgz",
      "integrity": "sha512-GjffXNi707iGaaDJ4PrvRxaSt3L9E+M2RI3FWQ1cxXUruPxkkkM/g5SSJIvUhekUQ8IJZqub/JeAHNV/XDyA4A=="
    },
    "node_modules/@radix-ui/react-dropdown-menu": {
      "version": "2.0.6",
      "resolved": "https://registry.npmjs.org/@radix-ui/react-dropdown-menu/-/dropdown-menu-2.0.6.tgz",
      "integrity": "sha512-x4Y7U17LWyIkVvTWpS/rH3d1ZbN8hI6Gf0b9j3n3h4JbY3aP1Y3jM0r0q0bX/8K6hL7Y+5o7K9J9hX9j9jM3wA=="
    },
    "node_modules/@radix-ui/react-select": {
      "version": "2.0.0",
      "resolved": "https://registry.npmjs.org/@radix-ui/react-select/-/select-2.0.0.tgz",
      "integrity": "sha512-b0J4l5zXj0G5z5pGkT8tYqD9cS9y9X6Fz3v8o8a7L+8wX6c4q8rP8g2rK3f5l4f4c5L5p2l8oN7Y5Y5X3p4w6g=="
    },
    "node_modules/@radix-ui/react-toast": {
      "version": "1.1.5",
      "resolved": "https://registry.npmjs.org/@radix-ui/react-toast/-/toast-1.1.5.tgz",
      "integrity": "sha512-t8XKwxGjR85l1h4j9jB+jqZ6t1j8v5V3j6b4q2Y3YdC0tX7d0f6tL1dL2Z3x4l8t0cKQ5i6J9cUjB2rP8G4w3A=="
    },
    "node_modules/@supabase/supabase-js": {
      "version": "2.38.4",
      "resolved": "https://registry.npmjs.org/@supabase/supabase-js/-/supabase-js-2.38.4.tgz",
      "integrity": "sha512-5Y2j4t8gJ3Q1g0jG8XzO4Qf1Z8G3nQK5D7o3Yq4L8H2eO+QZ8z8jM6B5v2vX4xJqWvZ8o5p8J4wN6Kx2fC3yUw=="
    },
    "node_modules/axios": {
      "version": "1.6.2",
      "resolved": "https://registry.npmjs.org/axios/-/axios-1.6.2.tgz",
      "integrity": "sha512-7i24Ri4pmDRfJTRJuLQFJnvqaGdR2jLw8p9+/SrZlyImQ2Q6l8V6j0hU8Jg4jM0J2tJ/7e9kV8X7zA7z5m3hEw=="
    },
    "node_modules/cheerio": {
      "version": "1.0.0-rc.10",
      "resolved": "https://registry.npmjs.org/cheerio/-/cheerio-1.0.0-rc.10.tgz",
      "integrity": "sha512-g0J0q/O6mW8z5zxQ3A8E8J1hUgp0SjZxJjbAJ84WAKosh+YyN7RC0U46+q2z3xscg67OG6BDPovdlWlkQ2+GeA=="
    },
    "node_modules/class-variance-authority": {
      "version": "0.7.0",
      "resolved": "https://registry.npmjs.org/class-variance-authority/-/class-variance-authority-0.7.0.tgz",
      "integrity": "sha512-jFI8IQw4hczaL4ALINxqLEXQbWcNjoSk0aOYxapDdOYRJ+cUh8RAdnrjX2/L9A4Z2bnCX8qYWwoV47fngON+Ig=="
    },
    "node_modules/clsx": {
      "version": "2.0.0",
      "resolved": "https://registry.npmjs.org/clsx/-/clsx-2.0.0.tgz",
      "integrity": "sha512-rQ3K3o+j6XhIpL4VSLiZ4D4mN3u8H8O4cH7Z5H7r3aU8e8X/5lL8k3cY1o1Giz3g2H+Hk3o5L9g6j3k3lF6h9Xg=="
    },
    "node_modules/date-fns": {
      "version": "2.30.0",
      "resolved": "https://registry.npmjs.org/date-fns/-/date-fns-2.30.0.tgz",
      "integrity": "sha512-fnULvOpxnC5/Vg3NCiWelDsLiUc9bRwAPs/+LfTLNvetFCtCTN+yQz15C/fs4AwX1R9K5GLtLfn8QW+dWisaAw=="
    },
    "node_modules/framer-motion": {
      "version": "10.16.16",
      "resolved": "https://registry.npmjs.org/framer-motion/-/motion-10.16.16.tgz",
      "integrity": "sha512-j6apySG06ijwKwGIPuhd4jQ+dc7G0qIu0oZbJlnlP6t9Vg7Gq6IbgS8F6gE5yU4w4Kq4jV+SHL9g5n+4wG4h3Q=="
    },
    "node_modules/lucide-react": {
      "version": "0.300.0",
      "resolved": "https://registry.npmjs.org/lucide-react/-/lucide-react-0.300.0.tgz",
      "integrity": "sha512-xU6z3kqJ8l7XpsH6S3f4W4G8Z5tC1lM8zM5ZJ6KQ0c6YcQjW8Y3rQOQ5yI6w6kP8z8qQ4D7Xkq1Y2Yc2k9oLw=="
    },
    "node_modules/next": {
      "version": "14.0.4",
      "resolved": "https://registry.npmjs.org/next/-/next-14.0.4.tgz",
      "integrity": "sha512-qbwypnM7327SadwFtxXnQdGW3x2v6Xghs+8HIl0z7vL1k0n1QqE8zXzK7o6Yd9zK9iV2b8m5oQZJ4dK6Vv2x0A=="
    },
    "node_modules/react": {
      "version": "18.2.0",
      "resolved": "https://registry.npmjs.org/react/-/react-18.2.0.tgz",
      "integrity": "sha512-/3IjMdb2L9QbBdWiW5e3P2/npwMBaU9mHCSCUzNln0ZCYbcfTsGbTJrU/kGemdH2IWmB2ioZ+zkxtmq6g09fGQ=="
    },
    "node_modules/react-dom": {
      "version": "18.2.0",
      "resolved": "https://registry.npmjs.org/react-dom/-/react-dom-18.2.0.tgz",
      "integrity": "sha512-6IMTri5vsOXG81IfgcxL2L0lflzgfKPaS1MJgWW6BJe8nu2Ek0XlG52m3VobvSr4ERL2fAVjza+BVu4/dG+fQw=="
    },
    "node_modules/react-hook-form": {
      "version": "7.48.2",
      "resolved": "https://registry.npmjs.org/react-hook-form/-/form-7.48.2.tgz",
      "integrity": "sha512-H0T2InFQb1hX7qKtDIZmvpU1Xfn/bdahWBN1fH19gSe4bBEqTfmlr7H3XWTaVtiK4/tpPaI1F3355GPMZYge+A=="
    },
    "node_modules/react-query": {
      "version": "3.39.3",
      "resolved": "https://registry.npmjs.org/react-query/-/react-query-3.39.3.tgz",
      "integrity": "sha512-vLfJUya7ERhU3x3UsERD+a8N55eJ7y8Y6yH+EMjD1G2rH9L9l2G1vMh1m4sR0w9k7P8Qj3F2lZ6S1w8Q9G0G6SQ=="
    },
    "node_modules/tailwind-merge": {
      "version": "2.2.0",
      "resolved": "https://registry.npmjs.org/tailwind-merge/-/tailwind-merge-2.2.0.tgz",
      "integrity": "sha512-SqqhkgLlnMOIpAx0o/e3NDm9J85PwyDwe7BZ1t9CdQ+9N+8x6G7i5tV+IKW+OT4+8hV6r0QvT8X4oV9xO/vWog=="
    },
    "node_modules/tailwindcss-animate": {
      "version": "1.0.7",
      "resolved": "https://registry.npmjs.org/tailwindcss-animate/-/tailwindcss-animate-1.0.7.tgz",
      "integrity": "sha512-xt8s5nV/3+U9Slyy4q2Q8P9wW+EERy5U8hQ2qY3qY7c1a8b0c4R4GZ2fQ5l5jV+1wH6W0gJ9wM3p4W6tQ9Y9Q=="
    },
    "node_modules/zod": {
      "version": "3.22.4",
      "resolved": "https://registry.npmjs.org/zod/-/zod-3.22.4.tgz",
      "integrity": "sha512-OiDSvQ9BVpvtEUBVODSVFDXo3xqN4D4W7q8uG6J7s5F9gX1YJ3j9B6q8f7N3q3Q5S4Z7S0W1s9s5l4r6o0w4Ww=="
    }
  }
}